// !$*UTF8*$!
{
	archiveVersion = 1;
	classes = {
	};
	objectVersion = 55;
	objects = {

/* Begin PBXBuildFile section */
		3BC294442835219100D52739 /* RoundViews.swift in Sources */ = {isa = PBXBuildFile; fileRef = 3BC294432835219100D52739 /* RoundViews.swift */; };
		D649D2722835CFEC0094B33C /* BackgroundView.swift in Sources */ = {isa = PBXBuildFile; fileRef = D649D2712835CFEC0094B33C /* BackgroundView.swift */; };
		D65EDB2128376081005727B5 /* PointsView.swift in Sources */ = {isa = PBXBuildFile; fileRef = D65EDB2028376081005727B5 /* PointsView.swift */; };
		D65EDB2328377044005727B5 /* Constants.swift in Sources */ = {isa = PBXBuildFile; fileRef = D65EDB2228377044005727B5 /* Constants.swift */; };
		D6B6ECF82831F67200C626D5 /* BullseyeApp.swift in Sources */ = {isa = PBXBuildFile; fileRef = D6B6ECF72831F67200C626D5 /* BullseyeApp.swift */; };
		D6B6ECFA2831F67200C626D5 /* ContentView.swift in Sources */ = {isa = PBXBuildFile; fileRef = D6B6ECF92831F67200C626D5 /* ContentView.swift */; };
		D6B6ECFC2831F67300C626D5 /* Assets.xcassets in Resources */ = {isa = PBXBuildFile; fileRef = D6B6ECFB2831F67300C626D5 /* Assets.xcassets */; };
		D6B6ECFF2831F67300C626D5 /* Preview Assets.xcassets in Resources */ = {isa = PBXBuildFile; fileRef = D6B6ECFE2831F67300C626D5 /* Preview Assets.xcassets */; };
		D6B6ED0D2834833B00C626D5 /* Game.swift in Sources */ = {isa = PBXBuildFile; fileRef = D6B6ED0C2834833B00C626D5 /* Game.swift */; };
		D6B6ED1528348BFF00C626D5 /* BullseyeTests.swift in Sources */ = {isa = PBXBuildFile; fileRef = D6B6ED1428348BFF00C626D5 /* BullseyeTests.swift */; };
		D6B6ED1B28348C4200C626D5 /* Game.swift in Sources */ = {isa = PBXBuildFile; fileRef = D6B6ED0C2834833B00C626D5 /* Game.swift */; };
		D6B6ED1D2834C0C200C626D5 /* TextUIViews.swift in Sources */ = {isa = PBXBuildFile; fileRef = D6B6ED1C2834C0C200C626D5 /* TextUIViews.swift */; };
		D6B6ED1F2834C66500C626D5 /* Shapes.swift in Sources */ = {isa = PBXBuildFile; fileRef = D6B6ED1E2834C66500C626D5 /* Shapes.swift */; };
/* End PBXBuildFile section */

/* Begin PBXContainerItemProxy section */
		D6B6ED1628348BFF00C626D5 /* PBXContainerItemProxy */ = {
			isa = PBXContainerItemProxy;
			containerPortal = D6B6ECEC2831F67100C626D5 /* Project object */;
			proxyType = 1;
			remoteGlobalIDString = D6B6ECF32831F67200C626D5;
			remoteInfo = Bullseye;
		};
/* End PBXContainerItemProxy section */

/* Begin PBXFileReference section */
		3BC294432835219100D52739 /* RoundViews.swift */ = {isa = PBXFileReference; lastKnownFileType = sourcecode.swift; path = RoundViews.swift; sourceTree = "<group>"; };
		D649D2712835CFEC0094B33C /* BackgroundView.swift */ = {isa = PBXFileReference; lastKnownFileType = sourcecode.swift; path = BackgroundView.swift; sourceTree = "<group>"; };
		D65EDB2028376081005727B5 /* PointsView.swift */ = {isa = PBXFileReference; lastKnownFileType = sourcecode.swift; path = PointsView.swift; sourceTree = "<group>"; };
		D65EDB2228377044005727B5 /* Constants.swift */ = {isa = PBXFileReference; lastKnownFileType = sourcecode.swift; path = Constants.swift; sourceTree = "<group>"; };
		D6B6ECF42831F67200C626D5 /* Bullseye.app */ = {isa = PBXFileReference; explicitFileType = wrapper.application; includeInIndex = 0; path = Bullseye.app; sourceTree = BUILT_PRODUCTS_DIR; };
		D6B6ECF72831F67200C626D5 /* BullseyeApp.swift */ = {isa = PBXFileReference; lastKnownFileType = sourcecode.swift; path = BullseyeApp.swift; sourceTree = "<group>"; };
		D6B6ECF92831F67200C626D5 /* ContentView.swift */ = {isa = PBXFileReference; lastKnownFileType = sourcecode.swift; path = ContentView.swift; sourceTree = "<group>"; };
		D6B6ECFB2831F67300C626D5 /* Assets.xcassets */ = {isa = PBXFileReference; lastKnownFileType = folder.assetcatalog; path = Assets.xcassets; sourceTree = "<group>"; };
		D6B6ECFE2831F67300C626D5 /* Preview Assets.xcassets */ = {isa = PBXFileReference; lastKnownFileType = folder.assetcatalog; path = "Preview Assets.xcassets"; sourceTree = "<group>"; };
		D6B6ED0C2834833B00C626D5 /* Game.swift */ = {isa = PBXFileReference; lastKnownFileType = sourcecode.swift; path = Game.swift; sourceTree = "<group>"; };
		D6B6ED1228348BFF00C626D5 /* BullseyeTests.xctest */ = {isa = PBXFileReference; explicitFileType = wrapper.cfbundle; includeInIndex = 0; path = BullseyeTests.xctest; sourceTree = BUILT_PRODUCTS_DIR; };
		D6B6ED1428348BFF00C626D5 /* BullseyeTests.swift */ = {isa = PBXFileReference; lastKnownFileType = sourcecode.swift; path = BullseyeTests.swift; sourceTree = "<group>"; };
		D6B6ED1C2834C0C200C626D5 /* TextUIViews.swift */ = {isa = PBXFileReference; lastKnownFileType = sourcecode.swift; path = TextUIViews.swift; sourceTree = "<group>"; };
		D6B6ED1E2834C66500C626D5 /* Shapes.swift */ = {isa = PBXFileReference; lastKnownFileType = sourcecode.swift; path = Shapes.swift; sourceTree = "<group>"; };
/* End PBXFileReference section */

/* Begin PBXFrameworksBuildPhase section */
		D6B6ECF12831F67200C626D5 /* Frameworks */ = {
			isa = PBXFrameworksBuildPhase;
			buildActionMask = 2147483647;
			files = (
			);
			runOnlyForDeploymentPostprocessing = 0;
		};
		D6B6ED0F28348BFF00C626D5 /* Frameworks */ = {
			isa = PBXFrameworksBuildPhase;
			buildActionMask = 2147483647;
			files = (
			);
			runOnlyForDeploymentPostprocessing = 0;
		};
/* End PBXFrameworksBuildPhase section */

/* Begin PBXGroup section */
		D6B6ECEB2831F67100C626D5 = {
			isa = PBXGroup;
			children = (
				D6B6ECF62831F67200C626D5 /* Bullseye */,
				D6B6ED1328348BFF00C626D5 /* BullseyeTests */,
				D6B6ECF52831F67200C626D5 /* Products */,
			);
			sourceTree = "<group>";
		};
		D6B6ECF52831F67200C626D5 /* Products */ = {
			isa = PBXGroup;
			children = (
				D6B6ECF42831F67200C626D5 /* Bullseye.app */,
				D6B6ED1228348BFF00C626D5 /* BullseyeTests.xctest */,
			);
			name = Products;
			sourceTree = "<group>";
		};
		D6B6ECF62831F67200C626D5 /* Bullseye */ = {
			isa = PBXGroup;
			children = (
				D6B6ED0B283482EC00C626D5 /* App */,
				D6B6ED0A283482DE00C626D5 /* Views */,
				D6B6ED09283482D600C626D5 /* Models */,
				D6B6ECFD2831F67300C626D5 /* Preview Content */,
			);
			path = Bullseye;
			sourceTree = "<group>";
		};
		D6B6ECFD2831F67300C626D5 /* Preview Content */ = {
			isa = PBXGroup;
			children = (
				D6B6ECFE2831F67300C626D5 /* Preview Assets.xcassets */,
			);
			path = "Preview Content";
			sourceTree = "<group>";
		};
		D6B6ED09283482D600C626D5 /* Models */ = {
			isa = PBXGroup;
			children = (
				D6B6ED0C2834833B00C626D5 /* Game.swift */,
				D65EDB2228377044005727B5 /* Constants.swift */,
			);
			path = Models;
			sourceTree = "<group>";
		};
		D6B6ED0A283482DE00C626D5 /* Views */ = {
			isa = PBXGroup;
			children = (
				D6B6ECF92831F67200C626D5 /* ContentView.swift */,
				D6B6ED1C2834C0C200C626D5 /* TextUIViews.swift */,
				D6B6ED1E2834C66500C626D5 /* Shapes.swift */,
				3BC294432835219100D52739 /* RoundViews.swift */,
				D649D2712835CFEC0094B33C /* BackgroundView.swift */,
				D65EDB2028376081005727B5 /* PointsView.swift */,
			);
			path = Views;
			sourceTree = "<group>";
		};
		D6B6ED0B283482EC00C626D5 /* App */ = {
			isa = PBXGroup;
			children = (
				D6B6ECFB2831F67300C626D5 /* Assets.xcassets */,
				D6B6ECF72831F67200C626D5 /* BullseyeApp.swift */,
			);
			path = App;
			sourceTree = "<group>";
		};
		D6B6ED1328348BFF00C626D5 /* BullseyeTests */ = {
			isa = PBXGroup;
			children = (
				D6B6ED1428348BFF00C626D5 /* BullseyeTests.swift */,
			);
			path = BullseyeTests;
			sourceTree = "<group>";
		};
/* End PBXGroup section */

/* Begin PBXNativeTarget section */
		D6B6ECF32831F67200C626D5 /* Bullseye */ = {
			isa = PBXNativeTarget;
			buildConfigurationList = D6B6ED022831F67300C626D5 /* Build configuration list for PBXNativeTarget "Bullseye" */;
			buildPhases = (
				D6B6ECF02831F67200C626D5 /* Sources */,
				D6B6ECF12831F67200C626D5 /* Frameworks */,
				D6B6ECF22831F67200C626D5 /* Resources */,
			);
			buildRules = (
			);
			dependencies = (
			);
			name = Bullseye;
			productName = Bullseye;
			productReference = D6B6ECF42831F67200C626D5 /* Bullseye.app */;
			productType = "com.apple.product-type.application";
		};
		D6B6ED1128348BFF00C626D5 /* BullseyeTests */ = {
			isa = PBXNativeTarget;
			buildConfigurationList = D6B6ED1828348BFF00C626D5 /* Build configuration list for PBXNativeTarget "BullseyeTests" */;
			buildPhases = (
				D6B6ED0E28348BFF00C626D5 /* Sources */,
				D6B6ED0F28348BFF00C626D5 /* Frameworks */,
				D6B6ED1028348BFF00C626D5 /* Resources */,
			);
			buildRules = (
			);
			dependencies = (
				D6B6ED1728348BFF00C626D5 /* PBXTargetDependency */,
			);
			name = BullseyeTests;
			productName = BullseyeTests;
			productReference = D6B6ED1228348BFF00C626D5 /* BullseyeTests.xctest */;
			productType = "com.apple.product-type.bundle.unit-test";
		};
/* End PBXNativeTarget section */

/* Begin PBXProject section */
		D6B6ECEC2831F67100C626D5 /* Project object */ = {
			isa = PBXProject;
			attributes = {
				BuildIndependentTargetsInParallel = 1;
				LastSwiftUpdateCheck = 1330;
				LastUpgradeCheck = 1330;
				TargetAttributes = {
					D6B6ECF32831F67200C626D5 = {
						CreatedOnToolsVersion = 13.3.1;
					};
					D6B6ED1128348BFF00C626D5 = {
						CreatedOnToolsVersion = 13.3.1;
						TestTargetID = D6B6ECF32831F67200C626D5;
					};
				};
			};
			buildConfigurationList = D6B6ECEF2831F67100C626D5 /* Build configuration list for PBXProject "Bullseye" */;
			compatibilityVersion = "Xcode 13.0";
			developmentRegion = en;
			hasScannedForEncodings = 0;
			knownRegions = (
				en,
				Base,
			);
			mainGroup = D6B6ECEB2831F67100C626D5;
			productRefGroup = D6B6ECF52831F67200C626D5 /* Products */;
			projectDirPath = "";
			projectRoot = "";
			targets = (
				D6B6ECF32831F67200C626D5 /* Bullseye */,
				D6B6ED1128348BFF00C626D5 /* BullseyeTests */,
			);
		};
/* End PBXProject section */

/* Begin PBXResourcesBuildPhase section */
		D6B6ECF22831F67200C626D5 /* Resources */ = {
			isa = PBXResourcesBuildPhase;
			buildActionMask = 2147483647;
			files = (
				D6B6ECFF2831F67300C626D5 /* Preview Assets.xcassets in Resources */,
				D6B6ECFC2831F67300C626D5 /* Assets.xcassets in Resources */,
			);
			runOnlyForDeploymentPostprocessing = 0;
		};
		D6B6ED1028348BFF00C626D5 /* Resources */ = {
			isa = PBXResourcesBuildPhase;
			buildActionMask = 2147483647;
			files = (
			);
			runOnlyForDeploymentPostprocessing = 0;
		};
/* End PBXResourcesBuildPhase section */

/* Begin PBXSourcesBuildPhase section */
		D6B6ECF02831F67200C626D5 /* Sources */ = {
			isa = PBXSourcesBuildPhase;
			buildActionMask = 2147483647;
			files = (
				D6B6ECFA2831F67200C626D5 /* ContentView.swift in Sources */,
				D6B6ED1D2834C0C200C626D5 /* TextUIViews.swift in Sources */,
				D6B6ED1F2834C66500C626D5 /* Shapes.swift in Sources */,
				D65EDB2128376081005727B5 /* PointsView.swift in Sources */,
				D649D2722835CFEC0094B33C /* BackgroundView.swift in Sources */,
				D6B6ED0D2834833B00C626D5 /* Game.swift in Sources */,
				D65EDB2328377044005727B5 /* Constants.swift in Sources */,
				D6B6ECF82831F67200C626D5 /* BullseyeApp.swift in Sources */,
				3BC294442835219100D52739 /* RoundViews.swift in Sources */,
			);
			runOnlyForDeploymentPostprocessing = 0;
		};
		D6B6ED0E28348BFF00C626D5 /* Sources */ = {
			isa = PBXSourcesBuildPhase;
			buildActionMask = 2147483647;
			files = (
				D6B6ED1528348BFF00C626D5 /* BullseyeTests.swift in Sources */,
				D6B6ED1B28348C4200C626D5 /* Game.swift in Sources */,
			);
			runOnlyForDeploymentPostprocessing = 0;
		};
/* End PBXSourcesBuildPhase section */

/* Begin PBXTargetDependency section */
		D6B6ED1728348BFF00C626D5 /* PBXTargetDependency */ = {
			isa = PBXTargetDependency;
			target = D6B6ECF32831F67200C626D5 /* Bullseye */;
			targetProxy = D6B6ED1628348BFF00C626D5 /* PBXContainerItemProxy */;
		};
/* End PBXTargetDependency section */

/* Begin XCBuildConfiguration section */
		D6B6ED002831F67300C626D5 /* Debug */ = {
			isa = XCBuildConfiguration;
			buildSettings = {
				ALWAYS_SEARCH_USER_PATHS = NO;
				CLANG_ANALYZER_NONNULL = YES;
				CLANG_ANALYZER_NUMBER_OBJECT_CONVERSION = YES_AGGRESSIVE;
				CLANG_CXX_LANGUAGE_STANDARD = "gnu++17";
				CLANG_ENABLE_MODULES = YES;
				CLANG_ENABLE_OBJC_ARC = YES;
				CLANG_ENABLE_OBJC_WEAK = YES;
				CLANG_WARN_BLOCK_CAPTURE_AUTORELEASING = YES;
				CLANG_WARN_BOOL_CONVERSION = YES;
				CLANG_WARN_COMMA = YES;
				CLANG_WARN_CONSTANT_CONVERSION = YES;
				CLANG_WARN_DEPRECATED_OBJC_IMPLEMENTATIONS = YES;
				CLANG_WARN_DIRECT_OBJC_ISA_USAGE = YES_ERROR;
				CLANG_WARN_DOCUMENTATION_COMMENTS = YES;
				CLANG_WARN_EMPTY_BODY = YES;
				CLANG_WARN_ENUM_CONVERSION = YES;
				CLANG_WARN_INFINITE_RECURSION = YES;
				CLANG_WARN_INT_CONVERSION = YES;
				CLANG_WARN_NON_LITERAL_NULL_CONVERSION = YES;
				CLANG_WARN_OBJC_IMPLICIT_RETAIN_SELF = YES;
				CLANG_WARN_OBJC_LITERAL_CONVERSION = YES;
				CLANG_WARN_OBJC_ROOT_CLASS = YES_ERROR;
				CLANG_WARN_QUOTED_INCLUDE_IN_FRAMEWORK_HEADER = YES;
				CLANG_WARN_RANGE_LOOP_ANALYSIS = YES;
				CLANG_WARN_STRICT_PROTOTYPES = YES;
				CLANG_WARN_SUSPICIOUS_MOVE = YES;
				CLANG_WARN_UNGUARDED_AVAILABILITY = YES_AGGRESSIVE;
				CLANG_WARN_UNREACHABLE_CODE = YES;
				CLANG_WARN__DUPLICATE_METHOD_MATCH = YES;
				COPY_PHASE_STRIP = NO;
				DEBUG_INFORMATION_FORMAT = dwarf;
				ENABLE_STRICT_OBJC_MSGSEND = YES;
				ENABLE_TESTABILITY = YES;
				GCC_C_LANGUAGE_STANDARD = gnu11;
				GCC_DYNAMIC_NO_PIC = NO;
				GCC_NO_COMMON_BLOCKS = YES;
				GCC_OPTIMIZATION_LEVEL = 0;
				GCC_PREPROCESSOR_DEFINITIONS = (
					"DEBUG=1",
					"$(inherited)",
				);
				GCC_WARN_64_TO_32_BIT_CONVERSION = YES;
				GCC_WARN_ABOUT_RETURN_TYPE = YES_ERROR;
				GCC_WARN_UNDECLARED_SELECTOR = YES;
				GCC_WARN_UNINITIALIZED_AUTOS = YES_AGGRESSIVE;
				GCC_WARN_UNUSED_FUNCTION = YES;
				GCC_WARN_UNUSED_VARIABLE = YES;
				IPHONEOS_DEPLOYMENT_TARGET = 15.4;
				MTL_ENABLE_DEBUG_INFO = INCLUDE_SOURCE;
				MTL_FAST_MATH = YES;
				ONLY_ACTIVE_ARCH = YES;
				SDKROOT = iphoneos;
				SWIFT_ACTIVE_COMPILATION_CONDITIONS = DEBUG;
				SWIFT_OPTIMIZATION_LEVEL = "-Onone";
			};
			name = Debug;
		};
		D6B6ED012831F67300C626D5 /* Release */ = {
			isa = XCBuildConfiguration;
			buildSettings = {
				ALWAYS_SEARCH_USER_PATHS = NO;
				CLANG_ANALYZER_NONNULL = YES;
				CLANG_ANALYZER_NUMBER_OBJECT_CONVERSION = YES_AGGRESSIVE;
				CLANG_CXX_LANGUAGE_STANDARD = "gnu++17";
				CLANG_ENABLE_MODULES = YES;
				CLANG_ENABLE_OBJC_ARC = YES;
				CLANG_ENABLE_OBJC_WEAK = YES;
				CLANG_WARN_BLOCK_CAPTURE_AUTORELEASING = YES;
				CLANG_WARN_BOOL_CONVERSION = YES;
				CLANG_WARN_COMMA = YES;
				CLANG_WARN_CONSTANT_CONVERSION = YES;
				CLANG_WARN_DEPRECATED_OBJC_IMPLEMENTATIONS = YES;
				CLANG_WARN_DIRECT_OBJC_ISA_USAGE = YES_ERROR;
				CLANG_WARN_DOCUMENTATION_COMMENTS = YES;
				CLANG_WARN_EMPTY_BODY = YES;
				CLANG_WARN_ENUM_CONVERSION = YES;
				CLANG_WARN_INFINITE_RECURSION = YES;
				CLANG_WARN_INT_CONVERSION = YES;
				CLANG_WARN_NON_LITERAL_NULL_CONVERSION = YES;
				CLANG_WARN_OBJC_IMPLICIT_RETAIN_SELF = YES;
				CLANG_WARN_OBJC_LITERAL_CONVERSION = YES;
				CLANG_WARN_OBJC_ROOT_CLASS = YES_ERROR;
				CLANG_WARN_QUOTED_INCLUDE_IN_FRAMEWORK_HEADER = YES;
				CLANG_WARN_RANGE_LOOP_ANALYSIS = YES;
				CLANG_WARN_STRICT_PROTOTYPES = YES;
				CLANG_WARN_SUSPICIOUS_MOVE = YES;
				CLANG_WARN_UNGUARDED_AVAILABILITY = YES_AGGRESSIVE;
				CLANG_WARN_UNREACHABLE_CODE = YES;
				CLANG_WARN__DUPLICATE_METHOD_MATCH = YES;
				COPY_PHASE_STRIP = NO;
				DEBUG_INFORMATION_FORMAT = "dwarf-with-dsym";
				ENABLE_NS_ASSERTIONS = NO;
				ENABLE_STRICT_OBJC_MSGSEND = YES;
				GCC_C_LANGUAGE_STANDARD = gnu11;
				GCC_NO_COMMON_BLOCKS = YES;
				GCC_WARN_64_TO_32_BIT_CONVERSION = YES;
				GCC_WARN_ABOUT_RETURN_TYPE = YES_ERROR;
				GCC_WARN_UNDECLARED_SELECTOR = YES;
				GCC_WARN_UNINITIALIZED_AUTOS = YES_AGGRESSIVE;
				GCC_WARN_UNUSED_FUNCTION = YES;
				GCC_WARN_UNUSED_VARIABLE = YES;
				IPHONEOS_DEPLOYMENT_TARGET = 15.4;
				MTL_ENABLE_DEBUG_INFO = NO;
				MTL_FAST_MATH = YES;
				SDKROOT = iphoneos;
				SWIFT_COMPILATION_MODE = wholemodule;
				SWIFT_OPTIMIZATION_LEVEL = "-O";
				VALIDATE_PRODUCT = YES;
			};
			name = Release;
		};
		D6B6ED032831F67300C626D5 /* Debug */ = {
			isa = XCBuildConfiguration;
			buildSettings = {
				ASSETCATALOG_COMPILER_APPICON_NAME = AppIcon;
				ASSETCATALOG_COMPILER_GLOBAL_ACCENT_COLOR_NAME = AccentColor;
				CODE_SIGN_STYLE = Automatic;
				CURRENT_PROJECT_VERSION = 1;
				DEVELOPMENT_ASSET_PATHS = "\"Bullseye/Preview Content\"";
				DEVELOPMENT_TEAM = TGR2SR2JNL;
				ENABLE_PREVIEWS = YES;
				GENERATE_INFOPLIST_FILE = YES;
				INFOPLIST_KEY_UIApplicationSceneManifest_Generation = YES;
				INFOPLIST_KEY_UIApplicationSupportsIndirectInputEvents = YES;
				INFOPLIST_KEY_UILaunchScreen_Generation = YES;
				INFOPLIST_KEY_UISupportedInterfaceOrientations_iPad = "UIInterfaceOrientationPortrait UIInterfaceOrientationPortraitUpsideDown UIInterfaceOrientationLandscapeLeft UIInterfaceOrientationLandscapeRight";
				INFOPLIST_KEY_UISupportedInterfaceOrientations_iPhone = "UIInterfaceOrientationPortrait UIInterfaceOrientationLandscapeLeft UIInterfaceOrientationLandscapeRight";
				IPHONEOS_DEPLOYMENT_TARGET = 15.2;
				LD_RUNPATH_SEARCH_PATHS = (
					"$(inherited)",
					"@executable_path/Frameworks",
				);
				MARKETING_VERSION = 1.0;
				PRODUCT_BUNDLE_IDENTIFIER = com.asleep.Bullseye;
				PRODUCT_NAME = "$(TARGET_NAME)";
				SWIFT_EMIT_LOC_STRINGS = YES;
				SWIFT_VERSION = 5.0;
				TARGETED_DEVICE_FAMILY = "1,2";
			};
			name = Debug;
		};
		D6B6ED042831F67300C626D5 /* Release */ = {
			isa = XCBuildConfiguration;
			buildSettings = {
				ASSETCATALOG_COMPILER_APPICON_NAME = AppIcon;
				ASSETCATALOG_COMPILER_GLOBAL_ACCENT_COLOR_NAME = AccentColor;
				CODE_SIGN_STYLE = Automatic;
				CURRENT_PROJECT_VERSION = 1;
				DEVELOPMENT_ASSET_PATHS = "\"Bullseye/Preview Content\"";
				DEVELOPMENT_TEAM = TGR2SR2JNL;
				ENABLE_PREVIEWS = YES;
				GENERATE_INFOPLIST_FILE = YES;
				INFOPLIST_KEY_UIApplicationSceneManifest_Generation = YES;
				INFOPLIST_KEY_UIApplicationSupportsIndirectInputEvents = YES;
				INFOPLIST_KEY_UILaunchScreen_Generation = YES;
				INFOPLIST_KEY_UISupportedInterfaceOrientations_iPad = "UIInterfaceOrientationPortrait UIInterfaceOrientationPortraitUpsideDown UIInterfaceOrientationLandscapeLeft UIInterfaceOrientationLandscapeRight";
				INFOPLIST_KEY_UISupportedInterfaceOrientations_iPhone = "UIInterfaceOrientationPortrait UIInterfaceOrientationLandscapeLeft UIInterfaceOrientationLandscapeRight";
				IPHONEOS_DEPLOYMENT_TARGET = 15.2;
				LD_RUNPATH_SEARCH_PATHS = (
					"$(inherited)",
					"@executable_path/Frameworks",
				);
				MARKETING_VERSION = 1.0;
				PRODUCT_BUNDLE_IDENTIFIER = com.asleep.Bullseye;
				PRODUCT_NAME = "$(TARGET_NAME)";
				SWIFT_EMIT_LOC_STRINGS = YES;
				SWIFT_VERSION = 5.0;
				TARGETED_DEVICE_FAMILY = "1,2";
			};
			name = Release;
		};
		D6B6ED1928348BFF00C626D5 /* Debug */ = {
			isa = XCBuildConfiguration;
			buildSettings = {
				BUNDLE_LOADER = "$(TEST_HOST)";
				CODE_SIGN_STYLE = Automatic;
				CURRENT_PROJECT_VERSION = 1;
				DEVELOPMENT_TEAM = M49GZVCJ3B;
				GENERATE_INFOPLIST_FILE = YES;
				MARKETING_VERSION = 1.0;
				PRODUCT_BUNDLE_IDENTIFIER = com.asleep.BullseyeTests;
				PRODUCT_NAME = "$(TARGET_NAME)";
				SWIFT_EMIT_LOC_STRINGS = NO;
				SWIFT_VERSION = 5.0;
				TARGETED_DEVICE_FAMILY = "1,2";
				TEST_HOST = "$(BUILT_PRODUCTS_DIR)/Bullseye.app/Bullseye";
			};
			name = Debug;
		};
		D6B6ED1A28348BFF00C626D5 /* Release */ = {
			isa = XCBuildConfiguration;
			buildSettings = {
				BUNDLE_LOADER = "$(TEST_HOST)";
				CODE_SIGN_STYLE = Automatic;
				CURRENT_PROJECT_VERSION = 1;
				DEVELOPMENT_TEAM = M49GZVCJ3B;
				GENERATE_INFOPLIST_FILE = YES;
				MARKETING_VERSION = 1.0;
				PRODUCT_BUNDLE_IDENTIFIER = com.asleep.BullseyeTests;
				PRODUCT_NAME = "$(TARGET_NAME)";
				SWIFT_EMIT_LOC_STRINGS = NO;
				SWIFT_VERSION = 5.0;
				TARGETED_DEVICE_FAMILY = "1,2";
				TEST_HOST = "$(BUILT_PRODUCTS_DIR)/Bullseye.app/Bullseye";
			};
			name = Release;
		};
/* End XCBuildConfiguration section */

/* Begin XCConfigurationList section */
		D6B6ECEF2831F67100C626D5 /* Build configuration list for PBXProject "Bullseye" */ = {
			isa = XCConfigurationList;
			buildConfigurations = (
				D6B6ED002831F67300C626D5 /* Debug */,
				D6B6ED012831F67300C626D5 /* Release */,
			);
			defaultConfigurationIsVisible = 0;
			defaultConfigurationName = Release;
		};
		D6B6ED022831F67300C626D5 /* Build configuration list for PBXNativeTarget "Bullseye" */ = {
			isa = XCConfigurationList;
			buildConfigurations = (
				D6B6ED032831F67300C626D5 /* Debug */,
				D6B6ED042831F67300C626D5 /* Release */,
			);
			defaultConfigurationIsVisible = 0;
			defaultConfigurationName = Release;
		};
		D6B6ED1828348BFF00C626D5 /* Build configuration list for PBXNativeTarget "BullseyeTests" */ = {
			isa = XCConfigurationList;
			buildConfigurations = (
				D6B6ED1928348BFF00C626D5 /* Debug */,
				D6B6ED1A28348BFF00C626D5 /* Release */,
			);
			defaultConfigurationIsVisible = 0;
			defaultConfigurationName = Release;
		};
/* End XCConfigurationList section */
	};
	rootObject = D6B6ECEC2831F67100C626D5 /* Project object */;
}
